
Microsoft Visual Studio Solution File, Format Version 12.00
# Visual Studio Version 17
VisualStudioVersion = 17.3.32819.101
MinimumVisualStudioVersion = 10.0.40219.1
Project("{9A19103F-16F7-4668-BE54-9A1E7A4F7556}") = "RestClient.Test", "tests\RestClient.Test\RestClient.Test.csproj", "{D820867D-D2D2-47DD-8B20-E93180DE252A}"
EndProject
Project("{9A19103F-16F7-4668-BE54-9A1E7A4F7556}") = "LibScriptRest", "src\LibScriptRest\LibScriptRest.csproj", "{9835D390-DCA5-4E9F-BA8C-39738D73E7CD}"
EndProject
Project("{9A19103F-16F7-4668-BE54-9A1E7A4F7556}") = "LibRestClient", "src\LibRestClient\LibRestClient.csproj", "{9E65B036-B166-4B27-B2F5-D89DAB651AB3}"
EndProject
Global
	GlobalSection(SolutionConfigurationPlatforms) = preSolution
		Debug|Any CPU = Debug|Any CPU
		Release|Any CPU = Release|Any CPU
	EndGlobalSection
	GlobalSection(ProjectConfigurationPlatforms) = postSolution
		{D820867D-D2D2-47DD-8B20-E93180DE252A}.Debug|Any CPU.ActiveCfg = Debug|Any CPU
		{D820867D-D2D2-47DD-8B20-E93180DE252A}.Debug|Any CPU.Build.0 = Debug|Any CPU
		{D820867D-D2D2-47DD-8B20-E93180DE252A}.Release|Any CPU.ActiveCfg = Release|Any CPU
		{D820867D-D2D2-47DD-8B20-E93180DE252A}.Release|Any CPU.Build.0 = Release|Any CPU
		{9835D390-DCA5-4E9F-BA8C-39738D73E7CD}.Debug|Any CPU.ActiveCfg = Debug|Any CPU
		{9835D390-DCA5-4E9F-BA8C-39738D73E7CD}.Debug|Any CPU.Build.0 = Debug|Any CPU
		{9835D390-DCA5-4E9F-BA8C-39738D73E7CD}.Release|Any CPU.ActiveCfg = Release|Any CPU
		{9835D390-DCA5-4E9F-BA8C-39738D73E7CD}.Release|Any CPU.Build.0 = Release|Any CPU
		{9E65B036-B166-4B27-B2F5-D89DAB651AB3}.Debug|Any CPU.ActiveCfg = Debug|Any CPU
		{9E65B036-B166-4B27-B2F5-D89DAB651AB3}.Debug|Any CPU.Build.0 = Debug|Any CPU
		{9E65B036-B166-4B27-B2F5-D89DAB651AB3}.Release|Any CPU.ActiveCfg = Release|Any CPU
		{9E65B036-B166-4B27-B2F5-D89DAB651AB3}.Release|Any CPU.Build.0 = Release|Any CPU
	EndGlobalSection
	GlobalSection(SolutionProperties) = preSolution
		HideSolutionNode = FALSE
	EndGlobalSection
	GlobalSection(ExtensibilityGlobals) = postSolution
		SolutionGuid = {E7046C7A-765C-459E-8690-661A3FE53AC5}
	EndGlobalSection
EndGlobal
